
Microsoft Visual Studio Solution File, Format Version 12.00
Project("{FAE04EC0-301F-11D3-BF4B-00C04F79EFBC}") = "System Information", "System Information\System Information.csproj", "{659A6F86-5F01-4C57-B1C7-038121AD78CE}"
EndProject
Project("{FAE04EC0-301F-11D3-BF4B-00C04F79EFBC}") = "Windows Admin Center", "Windows Admin Center\Windows Admin Center.csproj", "{563C8EE1-5470-4CC7-8DA2-3E065C1F8E8D}"
EndProject
Global
	GlobalSection(SolutionConfigurationPlatforms) = preSolution
		Debug|Any CPU = Debug|Any CPU
		Release|Any CPU = Release|Any CPU
	EndGlobalSection
	GlobalSection(ProjectConfigurationPlatforms) = postSolution
		{659A6F86-5F01-4C57-B1C7-038121AD78CE}.Debug|Any CPU.ActiveCfg = Debug|Any CPU
		{659A6F86-5F01-4C57-B1C7-038121AD78CE}.Debug|Any CPU.Build.0 = Debug|Any CPU
		{659A6F86-5F01-4C57-B1C7-038121AD78CE}.Release|Any CPU.ActiveCfg = Release|Any CPU
		{659A6F86-5F01-4C57-B1C7-038121AD78CE}.Release|Any CPU.Build.0 = Release|Any CPU
		{563C8EE1-5470-4CC7-8DA2-3E065C1F8E8D}.Debug|Any CPU.ActiveCfg = Debug|Any CPU
		{563C8EE1-5470-4CC7-8DA2-3E065C1F8E8D}.Debug|Any CPU.Build.0 = Debug|Any CPU
		{563C8EE1-5470-4CC7-8DA2-3E065C1F8E8D}.Release|Any CPU.ActiveCfg = Release|Any CPU
		{563C8EE1-5470-4CC7-8DA2-3E065C1F8E8D}.Release|Any CPU.Build.0 = Release|Any CPU
	EndGlobalSection
EndGlobal
